
Microsoft Visual Studio Solution File, Format Version 12.00
# Visual Studio Version 16
VisualStudioVersion = 16.0.31313.79
MinimumVisualStudioVersion = 10.0.40219.1
Project("{9A19103F-16F7-4668-BE54-9A1E7A4F7556}") = "Spec", "Spec\Spec.csproj", "{56A20602-4D65-44B1-BF00-15AD404995A8}"
EndProject
Project("{9A19103F-16F7-4668-BE54-9A1E7A4F7556}") = "App", "App\App.csproj", "{A1B17470-7BC0-4854-A37B-B8EDB01C4C64}"
EndProject
Project("{FAE04EC0-301F-11D3-BF4B-00C04F79EFBC}") = "Unit", "Unit\Unit.csproj", "{9C3DEA87-B23E-4342-A29E-83849DC2748D}"
EndProject
Global
	GlobalSection(SolutionConfigurationPlatforms) = preSolution
		Debug|Any CPU = Debug|Any CPU
		Release|Any CPU = Release|Any CPU
	EndGlobalSection
	GlobalSection(ProjectConfigurationPlatforms) = postSolution
		{56A20602-4D65-44B1-BF00-15AD404995A8}.Debug|Any CPU.ActiveCfg = Debug|Any CPU
		{56A20602-4D65-44B1-BF00-15AD404995A8}.Debug|Any CPU.Build.0 = Debug|Any CPU
		{56A20602-4D65-44B1-BF00-15AD404995A8}.Release|Any CPU.ActiveCfg = Release|Any CPU
		{56A20602-4D65-44B1-BF00-15AD404995A8}.Release|Any CPU.Build.0 = Release|Any CPU
		{A1B17470-7BC0-4854-A37B-B8EDB01C4C64}.Debug|Any CPU.ActiveCfg = Debug|Any CPU
		{A1B17470-7BC0-4854-A37B-B8EDB01C4C64}.Debug|Any CPU.Build.0 = Debug|Any CPU
		{A1B17470-7BC0-4854-A37B-B8EDB01C4C64}.Release|Any CPU.ActiveCfg = Release|Any CPU
		{A1B17470-7BC0-4854-A37B-B8EDB01C4C64}.Release|Any CPU.Build.0 = Release|Any CPU
		{9C3DEA87-B23E-4342-A29E-83849DC2748D}.Debug|Any CPU.ActiveCfg = Debug|Any CPU
		{9C3DEA87-B23E-4342-A29E-83849DC2748D}.Debug|Any CPU.Build.0 = Debug|Any CPU
		{9C3DEA87-B23E-4342-A29E-83849DC2748D}.Release|Any CPU.ActiveCfg = Release|Any CPU
		{9C3DEA87-B23E-4342-A29E-83849DC2748D}.Release|Any CPU.Build.0 = Release|Any CPU
	EndGlobalSection
	GlobalSection(SolutionProperties) = preSolution
		HideSolutionNode = FALSE
	EndGlobalSection
	GlobalSection(ExtensibilityGlobals) = postSolution
		SolutionGuid = {3E7D8FC2-C664-4F0D-AC5E-EC2C709746C7}
	EndGlobalSection
EndGlobal
